
Microsoft Visual Studio Solution File, Format Version 12.00
# Visual Studio 14
VisualStudioVersion = 14.0.25420.1
MinimumVisualStudioVersion = 10.0.40219.1
Project("{FAE04EC0-301F-11D3-BF4B-00C04F79EFBC}") = "NumbersToNStepThree", "NumbersToNStepThree\NumbersToNStepThree.csproj", "{366DA4AD-7D28-4AE8-8222-0E927C6B6292}"
EndProject
Project("{FAE04EC0-301F-11D3-BF4B-00C04F79EFBC}") = "NumbersNToOne", "NumbersNToOne\NumbersNToOne.csproj", "{5D3C995A-57F2-4B03-81BE-DCCEF5373498}"
EndProject
Project("{FAE04EC0-301F-11D3-BF4B-00C04F79EFBC}") = "PowersOfTwo", "PowersOfTwo\PowersOfTwo.csproj", "{C1925D28-4563-4DD5-9E38-E7A109EF31C9}"
EndProject
Project("{FAE04EC0-301F-11D3-BF4B-00C04F79EFBC}") = "EvenPowersOfTwo", "EvenPowersOfTwo\EvenPowersOfTwo.csproj", "{8DDEE950-D3FD-4949-BEB5-25E4F23F07C6}"
EndProject
Project("{FAE04EC0-301F-11D3-BF4B-00C04F79EFBC}") = "SequenceNumberNumberPlusOne", "SequenceNumberNumberPlusOne\SequenceNumberNumberPlusOne.csproj", "{00595377-88B9-4988-892D-F7984FDED684}"
EndProject
Project("{FAE04EC0-301F-11D3-BF4B-00C04F79EFBC}") = "NumbersInRangeOneAndHundret", "NumbersInRangeOneAndHundret\NumbersInRangeOneAndHundret.csproj", "{EFC628BD-A0F5-4F4C-B1A7-6C9432E907E2}"
EndProject
Project("{FAE04EC0-301F-11D3-BF4B-00C04F79EFBC}") = "GreatestCommonDivisor", "GreatestCommonDivisor\GreatestCommonDivisor.csproj", "{28C223C5-88C6-4BB0-9870-79E56CB21959}"
EndProject
Project("{FAE04EC0-301F-11D3-BF4B-00C04F79EFBC}") = "FactorialCalculating", "FactorialCalculating\FactorialCalculating.csproj", "{412D9055-76ED-4272-82C2-975A0E0A7B01}"
EndProject
Project("{FAE04EC0-301F-11D3-BF4B-00C04F79EFBC}") = "SumDigits", "SumDigits\SumDigits.csproj", "{FFFF5F78-F75A-4584-B82B-46F6E7180C42}"
EndProject
Project("{FAE04EC0-301F-11D3-BF4B-00C04F79EFBC}") = "CheckPrimeNumbers", "CheckPrimeNumbers\CheckPrimeNumbers.csproj", "{8F8F2470-9E81-4838-BBC2-369BD1B040AC}"
EndProject
Project("{FAE04EC0-301F-11D3-BF4B-00C04F79EFBC}") = "FibonacciNumbers", "FibonacciNumbers\FibonacciNumbers.csproj", "{E1FEBA54-42FA-49AE-A66E-76F6F1BED41A}"
EndProject
Project("{FAE04EC0-301F-11D3-BF4B-00C04F79EFBC}") = "ChekIfNumberIsEven", "ChekIfNumberIsEven\ChekIfNumberIsEven.csproj", "{C6817308-8FFC-465A-9BA2-1E3619D3D6E6}"
EndProject
Project("{FAE04EC0-301F-11D3-BF4B-00C04F79EFBC}") = "NumbersPyramid", "NumbersPyramid\NumbersPyramid.csproj", "{1573C499-5D11-4539-9D13-7C8C6E0C6069}"
EndProject
Project("{FAE04EC0-301F-11D3-BF4B-00C04F79EFBC}") = "NumberTable", "NumberTable\NumberTable.csproj", "{454CF314-2402-4437-A343-F8B02466BFA6}"
EndProject
Global
	GlobalSection(SolutionConfigurationPlatforms) = preSolution
		Debug|Any CPU = Debug|Any CPU
		Release|Any CPU = Release|Any CPU
	EndGlobalSection
	GlobalSection(ProjectConfigurationPlatforms) = postSolution
		{366DA4AD-7D28-4AE8-8222-0E927C6B6292}.Debug|Any CPU.ActiveCfg = Debug|Any CPU
		{366DA4AD-7D28-4AE8-8222-0E927C6B6292}.Debug|Any CPU.Build.0 = Debug|Any CPU
		{366DA4AD-7D28-4AE8-8222-0E927C6B6292}.Release|Any CPU.ActiveCfg = Release|Any CPU
		{366DA4AD-7D28-4AE8-8222-0E927C6B6292}.Release|Any CPU.Build.0 = Release|Any CPU
		{5D3C995A-57F2-4B03-81BE-DCCEF5373498}.Debug|Any CPU.ActiveCfg = Debug|Any CPU
		{5D3C995A-57F2-4B03-81BE-DCCEF5373498}.Debug|Any CPU.Build.0 = Debug|Any CPU
		{5D3C995A-57F2-4B03-81BE-DCCEF5373498}.Release|Any CPU.ActiveCfg = Release|Any CPU
		{5D3C995A-57F2-4B03-81BE-DCCEF5373498}.Release|Any CPU.Build.0 = Release|Any CPU
		{C1925D28-4563-4DD5-9E38-E7A109EF31C9}.Debug|Any CPU.ActiveCfg = Debug|Any CPU
		{C1925D28-4563-4DD5-9E38-E7A109EF31C9}.Debug|Any CPU.Build.0 = Debug|Any CPU
		{C1925D28-4563-4DD5-9E38-E7A109EF31C9}.Release|Any CPU.ActiveCfg = Release|Any CPU
		{C1925D28-4563-4DD5-9E38-E7A109EF31C9}.Release|Any CPU.Build.0 = Release|Any CPU
		{8DDEE950-D3FD-4949-BEB5-25E4F23F07C6}.Debug|Any CPU.ActiveCfg = Debug|Any CPU
		{8DDEE950-D3FD-4949-BEB5-25E4F23F07C6}.Debug|Any CPU.Build.0 = Debug|Any CPU
		{8DDEE950-D3FD-4949-BEB5-25E4F23F07C6}.Release|Any CPU.ActiveCfg = Release|Any CPU
		{8DDEE950-D3FD-4949-BEB5-25E4F23F07C6}.Release|Any CPU.Build.0 = Release|Any CPU
		{00595377-88B9-4988-892D-F7984FDED684}.Debug|Any CPU.ActiveCfg = Debug|Any CPU
		{00595377-88B9-4988-892D-F7984FDED684}.Debug|Any CPU.Build.0 = Debug|Any CPU
		{00595377-88B9-4988-892D-F7984FDED684}.Release|Any CPU.ActiveCfg = Release|Any CPU
		{00595377-88B9-4988-892D-F7984FDED684}.Release|Any CPU.Build.0 = Release|Any CPU
		{EFC628BD-A0F5-4F4C-B1A7-6C9432E907E2}.Debug|Any CPU.ActiveCfg = Debug|Any CPU
		{EFC628BD-A0F5-4F4C-B1A7-6C9432E907E2}.Debug|Any CPU.Build.0 = Debug|Any CPU
		{EFC628BD-A0F5-4F4C-B1A7-6C9432E907E2}.Release|Any CPU.ActiveCfg = Release|Any CPU
		{EFC628BD-A0F5-4F4C-B1A7-6C9432E907E2}.Release|Any CPU.Build.0 = Release|Any CPU
		{28C223C5-88C6-4BB0-9870-79E56CB21959}.Debug|Any CPU.ActiveCfg = Debug|Any CPU
		{28C223C5-88C6-4BB0-9870-79E56CB21959}.Debug|Any CPU.Build.0 = Debug|Any CPU
		{28C223C5-88C6-4BB0-9870-79E56CB21959}.Release|Any CPU.ActiveCfg = Release|Any CPU
		{28C223C5-88C6-4BB0-9870-79E56CB21959}.Release|Any CPU.Build.0 = Release|Any CPU
		{412D9055-76ED-4272-82C2-975A0E0A7B01}.Debug|Any CPU.ActiveCfg = Debug|Any CPU
		{412D9055-76ED-4272-82C2-975A0E0A7B01}.Debug|Any CPU.Build.0 = Debug|Any CPU
		{412D9055-76ED-4272-82C2-975A0E0A7B01}.Release|Any CPU.ActiveCfg = Release|Any CPU
		{412D9055-76ED-4272-82C2-975A0E0A7B01}.Release|Any CPU.Build.0 = Release|Any CPU
		{FFFF5F78-F75A-4584-B82B-46F6E7180C42}.Debug|Any CPU.ActiveCfg = Debug|Any CPU
		{FFFF5F78-F75A-4584-B82B-46F6E7180C42}.Debug|Any CPU.Build.0 = Debug|Any CPU
		{FFFF5F78-F75A-4584-B82B-46F6E7180C42}.Release|Any CPU.ActiveCfg = Release|Any CPU
		{FFFF5F78-F75A-4584-B82B-46F6E7180C42}.Release|Any CPU.Build.0 = Release|Any CPU
		{8F8F2470-9E81-4838-BBC2-369BD1B040AC}.Debug|Any CPU.ActiveCfg = Debug|Any CPU
		{8F8F2470-9E81-4838-BBC2-369BD1B040AC}.Debug|Any CPU.Build.0 = Debug|Any CPU
		{8F8F2470-9E81-4838-BBC2-369BD1B040AC}.Release|Any CPU.ActiveCfg = Release|Any CPU
		{8F8F2470-9E81-4838-BBC2-369BD1B040AC}.Release|Any CPU.Build.0 = Release|Any CPU
		{E1FEBA54-42FA-49AE-A66E-76F6F1BED41A}.Debug|Any CPU.ActiveCfg = Debug|Any CPU
		{E1FEBA54-42FA-49AE-A66E-76F6F1BED41A}.Debug|Any CPU.Build.0 = Debug|Any CPU
		{E1FEBA54-42FA-49AE-A66E-76F6F1BED41A}.Release|Any CPU.ActiveCfg = Release|Any CPU
		{E1FEBA54-42FA-49AE-A66E-76F6F1BED41A}.Release|Any CPU.Build.0 = Release|Any CPU
		{C6817308-8FFC-465A-9BA2-1E3619D3D6E6}.Debug|Any CPU.ActiveCfg = Debug|Any CPU
		{C6817308-8FFC-465A-9BA2-1E3619D3D6E6}.Debug|Any CPU.Build.0 = Debug|Any CPU
		{C6817308-8FFC-465A-9BA2-1E3619D3D6E6}.Release|Any CPU.ActiveCfg = Release|Any CPU
		{C6817308-8FFC-465A-9BA2-1E3619D3D6E6}.Release|Any CPU.Build.0 = Release|Any CPU
		{1573C499-5D11-4539-9D13-7C8C6E0C6069}.Debug|Any CPU.ActiveCfg = Debug|Any CPU
		{1573C499-5D11-4539-9D13-7C8C6E0C6069}.Debug|Any CPU.Build.0 = Debug|Any CPU
		{1573C499-5D11-4539-9D13-7C8C6E0C6069}.Release|Any CPU.ActiveCfg = Release|Any CPU
		{1573C499-5D11-4539-9D13-7C8C6E0C6069}.Release|Any CPU.Build.0 = Release|Any CPU
		{454CF314-2402-4437-A343-F8B02466BFA6}.Debug|Any CPU.ActiveCfg = Debug|Any CPU
		{454CF314-2402-4437-A343-F8B02466BFA6}.Debug|Any CPU.Build.0 = Debug|Any CPU
		{454CF314-2402-4437-A343-F8B02466BFA6}.Release|Any CPU.ActiveCfg = Release|Any CPU
		{454CF314-2402-4437-A343-F8B02466BFA6}.Release|Any CPU.Build.0 = Release|Any CPU
	EndGlobalSection
	GlobalSection(SolutionProperties) = preSolution
		HideSolutionNode = FALSE
	EndGlobalSection
EndGlobal
