
Microsoft Visual Studio Solution File, Format Version 12.00
# Visual Studio 14
VisualStudioVersion = 14.0.25420.1
MinimumVisualStudioVersion = 10.0.40219.1
Project("{FAE04EC0-301F-11D3-BF4B-00C04F79EFBC}") = "LiveDemo", "LiveDemo\LiveDemo.csproj", "{CB5B8A8A-AA42-4C99-9164-F900D2A06BE0}"
EndProject
Project("{FAE04EC0-301F-11D3-BF4B-00C04F79EFBC}") = "polinomi", "polinomi\polinomi.csproj", "{236CA3C1-7FB6-452F-9ACA-E50E8F1712B2}"
EndProject
Project("{FAE04EC0-301F-11D3-BF4B-00C04F79EFBC}") = "Polinomi2", "Polinomi2\Polinomi2.csproj", "{B00EEC7D-BEF3-4CEA-A7D9-817506B63C3E}"
EndProject
Project("{FAE04EC0-301F-11D3-BF4B-00C04F79EFBC}") = "RechtangleOfStars", "RechtangleOfStars\RechtangleOfStars.csproj", "{5F219494-D1FB-4FEC-B61E-4DECE9F20E5A}"
EndProject
Project("{FAE04EC0-301F-11D3-BF4B-00C04F79EFBC}") = "RechtangleOfNStars", "RechtangleOfNStars\RechtangleOfNStars.csproj", "{C348861B-7FBD-455B-8B29-91E42039905F}"
EndProject
Project("{FAE04EC0-301F-11D3-BF4B-00C04F79EFBC}") = "SquareOfStars", "SquareOfStars\SquareOfStars.csproj", "{ECD43167-7661-4276-8A18-C1579DC83DA4}"
EndProject
Project("{FAE04EC0-301F-11D3-BF4B-00C04F79EFBC}") = "TriangleOfDollars", "TriangleOfDollars\TriangleOfDollars.csproj", "{4FFB0319-2068-46E0-A05F-8D64D4F09937}"
EndProject
Project("{FAE04EC0-301F-11D3-BF4B-00C04F79EFBC}") = "SquareFrame", "SquareFrame\SquareFrame.csproj", "{D2093588-8A65-4F9B-8511-E4101071A895}"
EndProject
Project("{FAE04EC0-301F-11D3-BF4B-00C04F79EFBC}") = "RombusOfStars", "RombusOfStars\RombusOfStars.csproj", "{BD9C4C10-6713-48CD-A85E-A441BAD819A7}"
EndProject
Project("{FAE04EC0-301F-11D3-BF4B-00C04F79EFBC}") = "ChristmasTree", "ChristmasTree\ChristmasTree.csproj", "{0212B83E-2497-49C0-A1DB-1D5B8D1EFD11}"
EndProject
Project("{FAE04EC0-301F-11D3-BF4B-00C04F79EFBC}") = "Sunglasses", "Sunglasses\Sunglasses.csproj", "{BB7878EA-42AC-4030-BDA8-370D1EC490D5}"
EndProject
Project("{FAE04EC0-301F-11D3-BF4B-00C04F79EFBC}") = "House", "House\House.csproj", "{5C84948B-5A5E-454A-B01C-D83BB27BF8B4}"
EndProject
Project("{FAE04EC0-301F-11D3-BF4B-00C04F79EFBC}") = "Diamond", "Diamond\Diamond.csproj", "{5C3483BF-CF10-462E-B1E9-BE600ED0BE28}"
EndProject
Project("{FAE04EC0-301F-11D3-BF4B-00C04F79EFBC}") = "Castle", "Castle\Castle.csproj", "{0250CD73-85EE-46CF-83FB-F02C61197A09}"
EndProject
Project("{FAE04EC0-301F-11D3-BF4B-00C04F79EFBC}") = "ButterFly", "ButterFly\ButterFly.csproj", "{4742DD96-2CEA-45E3-A66B-F19AEC44C94E}"
EndProject
Project("{FAE04EC0-301F-11D3-BF4B-00C04F79EFBC}") = "RoadSignStop", "RoadSignStop\RoadSignStop.csproj", "{7A17D462-606B-43AE-88D5-98174DEC806A}"
EndProject
Global
	GlobalSection(SolutionConfigurationPlatforms) = preSolution
		Debug|Any CPU = Debug|Any CPU
		Release|Any CPU = Release|Any CPU
	EndGlobalSection
	GlobalSection(ProjectConfigurationPlatforms) = postSolution
		{CB5B8A8A-AA42-4C99-9164-F900D2A06BE0}.Debug|Any CPU.ActiveCfg = Debug|Any CPU
		{CB5B8A8A-AA42-4C99-9164-F900D2A06BE0}.Debug|Any CPU.Build.0 = Debug|Any CPU
		{CB5B8A8A-AA42-4C99-9164-F900D2A06BE0}.Release|Any CPU.ActiveCfg = Release|Any CPU
		{CB5B8A8A-AA42-4C99-9164-F900D2A06BE0}.Release|Any CPU.Build.0 = Release|Any CPU
		{236CA3C1-7FB6-452F-9ACA-E50E8F1712B2}.Debug|Any CPU.ActiveCfg = Debug|Any CPU
		{236CA3C1-7FB6-452F-9ACA-E50E8F1712B2}.Debug|Any CPU.Build.0 = Debug|Any CPU
		{236CA3C1-7FB6-452F-9ACA-E50E8F1712B2}.Release|Any CPU.ActiveCfg = Release|Any CPU
		{236CA3C1-7FB6-452F-9ACA-E50E8F1712B2}.Release|Any CPU.Build.0 = Release|Any CPU
		{B00EEC7D-BEF3-4CEA-A7D9-817506B63C3E}.Debug|Any CPU.ActiveCfg = Debug|Any CPU
		{B00EEC7D-BEF3-4CEA-A7D9-817506B63C3E}.Debug|Any CPU.Build.0 = Debug|Any CPU
		{B00EEC7D-BEF3-4CEA-A7D9-817506B63C3E}.Release|Any CPU.ActiveCfg = Release|Any CPU
		{B00EEC7D-BEF3-4CEA-A7D9-817506B63C3E}.Release|Any CPU.Build.0 = Release|Any CPU
		{5F219494-D1FB-4FEC-B61E-4DECE9F20E5A}.Debug|Any CPU.ActiveCfg = Debug|Any CPU
		{5F219494-D1FB-4FEC-B61E-4DECE9F20E5A}.Debug|Any CPU.Build.0 = Debug|Any CPU
		{5F219494-D1FB-4FEC-B61E-4DECE9F20E5A}.Release|Any CPU.ActiveCfg = Release|Any CPU
		{5F219494-D1FB-4FEC-B61E-4DECE9F20E5A}.Release|Any CPU.Build.0 = Release|Any CPU
		{C348861B-7FBD-455B-8B29-91E42039905F}.Debug|Any CPU.ActiveCfg = Debug|Any CPU
		{C348861B-7FBD-455B-8B29-91E42039905F}.Debug|Any CPU.Build.0 = Debug|Any CPU
		{C348861B-7FBD-455B-8B29-91E42039905F}.Release|Any CPU.ActiveCfg = Release|Any CPU
		{C348861B-7FBD-455B-8B29-91E42039905F}.Release|Any CPU.Build.0 = Release|Any CPU
		{ECD43167-7661-4276-8A18-C1579DC83DA4}.Debug|Any CPU.ActiveCfg = Debug|Any CPU
		{ECD43167-7661-4276-8A18-C1579DC83DA4}.Debug|Any CPU.Build.0 = Debug|Any CPU
		{ECD43167-7661-4276-8A18-C1579DC83DA4}.Release|Any CPU.ActiveCfg = Release|Any CPU
		{ECD43167-7661-4276-8A18-C1579DC83DA4}.Release|Any CPU.Build.0 = Release|Any CPU
		{4FFB0319-2068-46E0-A05F-8D64D4F09937}.Debug|Any CPU.ActiveCfg = Debug|Any CPU
		{4FFB0319-2068-46E0-A05F-8D64D4F09937}.Debug|Any CPU.Build.0 = Debug|Any CPU
		{4FFB0319-2068-46E0-A05F-8D64D4F09937}.Release|Any CPU.ActiveCfg = Release|Any CPU
		{4FFB0319-2068-46E0-A05F-8D64D4F09937}.Release|Any CPU.Build.0 = Release|Any CPU
		{D2093588-8A65-4F9B-8511-E4101071A895}.Debug|Any CPU.ActiveCfg = Debug|Any CPU
		{D2093588-8A65-4F9B-8511-E4101071A895}.Debug|Any CPU.Build.0 = Debug|Any CPU
		{D2093588-8A65-4F9B-8511-E4101071A895}.Release|Any CPU.ActiveCfg = Release|Any CPU
		{D2093588-8A65-4F9B-8511-E4101071A895}.Release|Any CPU.Build.0 = Release|Any CPU
		{BD9C4C10-6713-48CD-A85E-A441BAD819A7}.Debug|Any CPU.ActiveCfg = Debug|Any CPU
		{BD9C4C10-6713-48CD-A85E-A441BAD819A7}.Debug|Any CPU.Build.0 = Debug|Any CPU
		{BD9C4C10-6713-48CD-A85E-A441BAD819A7}.Release|Any CPU.ActiveCfg = Release|Any CPU
		{BD9C4C10-6713-48CD-A85E-A441BAD819A7}.Release|Any CPU.Build.0 = Release|Any CPU
		{0212B83E-2497-49C0-A1DB-1D5B8D1EFD11}.Debug|Any CPU.ActiveCfg = Debug|Any CPU
		{0212B83E-2497-49C0-A1DB-1D5B8D1EFD11}.Debug|Any CPU.Build.0 = Debug|Any CPU
		{0212B83E-2497-49C0-A1DB-1D5B8D1EFD11}.Release|Any CPU.ActiveCfg = Release|Any CPU
		{0212B83E-2497-49C0-A1DB-1D5B8D1EFD11}.Release|Any CPU.Build.0 = Release|Any CPU
		{BB7878EA-42AC-4030-BDA8-370D1EC490D5}.Debug|Any CPU.ActiveCfg = Debug|Any CPU
		{BB7878EA-42AC-4030-BDA8-370D1EC490D5}.Debug|Any CPU.Build.0 = Debug|Any CPU
		{BB7878EA-42AC-4030-BDA8-370D1EC490D5}.Release|Any CPU.ActiveCfg = Release|Any CPU
		{BB7878EA-42AC-4030-BDA8-370D1EC490D5}.Release|Any CPU.Build.0 = Release|Any CPU
		{5C84948B-5A5E-454A-B01C-D83BB27BF8B4}.Debug|Any CPU.ActiveCfg = Debug|Any CPU
		{5C84948B-5A5E-454A-B01C-D83BB27BF8B4}.Debug|Any CPU.Build.0 = Debug|Any CPU
		{5C84948B-5A5E-454A-B01C-D83BB27BF8B4}.Release|Any CPU.ActiveCfg = Release|Any CPU
		{5C84948B-5A5E-454A-B01C-D83BB27BF8B4}.Release|Any CPU.Build.0 = Release|Any CPU
		{5C3483BF-CF10-462E-B1E9-BE600ED0BE28}.Debug|Any CPU.ActiveCfg = Debug|Any CPU
		{5C3483BF-CF10-462E-B1E9-BE600ED0BE28}.Debug|Any CPU.Build.0 = Debug|Any CPU
		{5C3483BF-CF10-462E-B1E9-BE600ED0BE28}.Release|Any CPU.ActiveCfg = Release|Any CPU
		{5C3483BF-CF10-462E-B1E9-BE600ED0BE28}.Release|Any CPU.Build.0 = Release|Any CPU
		{0250CD73-85EE-46CF-83FB-F02C61197A09}.Debug|Any CPU.ActiveCfg = Debug|Any CPU
		{0250CD73-85EE-46CF-83FB-F02C61197A09}.Debug|Any CPU.Build.0 = Debug|Any CPU
		{0250CD73-85EE-46CF-83FB-F02C61197A09}.Release|Any CPU.ActiveCfg = Release|Any CPU
		{0250CD73-85EE-46CF-83FB-F02C61197A09}.Release|Any CPU.Build.0 = Release|Any CPU
		{4742DD96-2CEA-45E3-A66B-F19AEC44C94E}.Debug|Any CPU.ActiveCfg = Debug|Any CPU
		{4742DD96-2CEA-45E3-A66B-F19AEC44C94E}.Debug|Any CPU.Build.0 = Debug|Any CPU
		{4742DD96-2CEA-45E3-A66B-F19AEC44C94E}.Release|Any CPU.ActiveCfg = Release|Any CPU
		{4742DD96-2CEA-45E3-A66B-F19AEC44C94E}.Release|Any CPU.Build.0 = Release|Any CPU
		{7A17D462-606B-43AE-88D5-98174DEC806A}.Debug|Any CPU.ActiveCfg = Debug|Any CPU
		{7A17D462-606B-43AE-88D5-98174DEC806A}.Debug|Any CPU.Build.0 = Debug|Any CPU
		{7A17D462-606B-43AE-88D5-98174DEC806A}.Release|Any CPU.ActiveCfg = Release|Any CPU
		{7A17D462-606B-43AE-88D5-98174DEC806A}.Release|Any CPU.Build.0 = Release|Any CPU
	EndGlobalSection
	GlobalSection(SolutionProperties) = preSolution
		HideSolutionNode = FALSE
	EndGlobalSection
EndGlobal
