
Microsoft Visual Studio Solution File, Format Version 12.00
# Visual Studio 14
VisualStudioVersion = 14.0.25420.1
MinimumVisualStudioVersion = 10.0.40219.1
Project("{FAE04EC0-301F-11D3-BF4B-00C04F79EFBC}") = "LiveDemo", "LiveDemo\LiveDemo.csproj", "{F8175C01-FEDF-4EF6-9163-9B59F2A57338}"
EndProject
Project("{FAE04EC0-301F-11D3-BF4B-00C04F79EFBC}") = "LatterCombination", "LatterCombination\LatterCombination.csproj", "{11FA1913-2A2F-427D-8C38-850875F108CD}"
EndProject
Project("{FAE04EC0-301F-11D3-BF4B-00C04F79EFBC}") = "BirdsInPark", "BirdsInPark\BirdsInPark.csproj", "{B3FFFA64-2517-4CEB-8D7C-34E63103BCFC}"
EndProject
Project("{FAE04EC0-301F-11D3-BF4B-00C04F79EFBC}") = "DrunkenNumbers", "DrunkenNumbers\DrunkenNumbers.csproj", "{89F10920-2EDE-4F39-9C1C-8528212C036B}"
EndProject
Project("{FAE04EC0-301F-11D3-BF4B-00C04F79EFBC}") = "Torch", "Torch\Torch.csproj", "{4EA44389-5224-46AB-9914-A813B8FBABE3}"
EndProject
Global
	GlobalSection(SolutionConfigurationPlatforms) = preSolution
		Debug|Any CPU = Debug|Any CPU
		Release|Any CPU = Release|Any CPU
	EndGlobalSection
	GlobalSection(ProjectConfigurationPlatforms) = postSolution
		{F8175C01-FEDF-4EF6-9163-9B59F2A57338}.Debug|Any CPU.ActiveCfg = Debug|Any CPU
		{F8175C01-FEDF-4EF6-9163-9B59F2A57338}.Debug|Any CPU.Build.0 = Debug|Any CPU
		{F8175C01-FEDF-4EF6-9163-9B59F2A57338}.Release|Any CPU.ActiveCfg = Release|Any CPU
		{F8175C01-FEDF-4EF6-9163-9B59F2A57338}.Release|Any CPU.Build.0 = Release|Any CPU
		{11FA1913-2A2F-427D-8C38-850875F108CD}.Debug|Any CPU.ActiveCfg = Debug|Any CPU
		{11FA1913-2A2F-427D-8C38-850875F108CD}.Debug|Any CPU.Build.0 = Debug|Any CPU
		{11FA1913-2A2F-427D-8C38-850875F108CD}.Release|Any CPU.ActiveCfg = Release|Any CPU
		{11FA1913-2A2F-427D-8C38-850875F108CD}.Release|Any CPU.Build.0 = Release|Any CPU
		{B3FFFA64-2517-4CEB-8D7C-34E63103BCFC}.Debug|Any CPU.ActiveCfg = Debug|Any CPU
		{B3FFFA64-2517-4CEB-8D7C-34E63103BCFC}.Debug|Any CPU.Build.0 = Debug|Any CPU
		{B3FFFA64-2517-4CEB-8D7C-34E63103BCFC}.Release|Any CPU.ActiveCfg = Release|Any CPU
		{B3FFFA64-2517-4CEB-8D7C-34E63103BCFC}.Release|Any CPU.Build.0 = Release|Any CPU
		{89F10920-2EDE-4F39-9C1C-8528212C036B}.Debug|Any CPU.ActiveCfg = Debug|Any CPU
		{89F10920-2EDE-4F39-9C1C-8528212C036B}.Debug|Any CPU.Build.0 = Debug|Any CPU
		{89F10920-2EDE-4F39-9C1C-8528212C036B}.Release|Any CPU.ActiveCfg = Release|Any CPU
		{89F10920-2EDE-4F39-9C1C-8528212C036B}.Release|Any CPU.Build.0 = Release|Any CPU
		{4EA44389-5224-46AB-9914-A813B8FBABE3}.Debug|Any CPU.ActiveCfg = Debug|Any CPU
		{4EA44389-5224-46AB-9914-A813B8FBABE3}.Debug|Any CPU.Build.0 = Debug|Any CPU
		{4EA44389-5224-46AB-9914-A813B8FBABE3}.Release|Any CPU.ActiveCfg = Release|Any CPU
		{4EA44389-5224-46AB-9914-A813B8FBABE3}.Release|Any CPU.Build.0 = Release|Any CPU
	EndGlobalSection
	GlobalSection(SolutionProperties) = preSolution
		HideSolutionNode = FALSE
	EndGlobalSection
EndGlobal
