
Microsoft Visual Studio Solution File, Format Version 12.00
# Visual Studio 14
VisualStudioVersion = 14.0.25420.1
MinimumVisualStudioVersion = 10.0.40219.1
Project("{FAE04EC0-301F-11D3-BF4B-00C04F79EFBC}") = "LiveDemo", "LiveDemo\LiveDemo.csproj", "{1F7D0C9C-9FC1-4835-9025-3871D0D849CB}"
EndProject
Project("{FAE04EC0-301F-11D3-BF4B-00C04F79EFBC}") = "NumbersFromOneToHundert", "NumbersFromOneToHundert\NumbersFromOneToHundert.csproj", "{96E8BB02-6DA6-495E-A5F3-602C78FE9854}"
EndProject
Project("{FAE04EC0-301F-11D3-BF4B-00C04F79EFBC}") = "NumbersToThousandEndingInSeven", "NumbersToThousandEndingInSeven\NumbersToThousandEndingInSeven.csproj", "{F2DA2C00-0DC8-4A94-85E8-CD99B03ECAD0}"
EndProject
Project("{FAE04EC0-301F-11D3-BF4B-00C04F79EFBC}") = "LatinAlphabet", "LatinAlphabet\LatinAlphabet.csproj", "{A335B02E-054B-4FBC-B877-7BAE1D794617}"
EndProject
Project("{FAE04EC0-301F-11D3-BF4B-00C04F79EFBC}") = "SumNumberToN", "SumNumberToN\SumNumberToN.csproj", "{B15B7E70-6707-4217-85E1-BFF1F64B378D}"
EndProject
Project("{FAE04EC0-301F-11D3-BF4B-00C04F79EFBC}") = "GetMaxNumber", "GetMaxNumber\GetMaxNumber.csproj", "{9C299708-00B8-46B4-834C-F8CF8312A228}"
EndProject
Project("{FAE04EC0-301F-11D3-BF4B-00C04F79EFBC}") = "GetMinNumber", "GetMinNumber\GetMinNumber.csproj", "{BF0957EA-21DE-40E7-902C-CA445AD8651C}"
EndProject
Project("{FAE04EC0-301F-11D3-BF4B-00C04F79EFBC}") = "LeftAndRightSum", "LeftAndRightSum\LeftAndRightSum.csproj", "{892ACBDC-743E-4AB8-9753-1D5E9386F521}"
EndProject
Project("{FAE04EC0-301F-11D3-BF4B-00C04F79EFBC}") = "EvenOrOddSum", "EvenOrOddSum\EvenOrOddSum.csproj", "{05E493D5-95D1-4454-971C-3DCB6CF2ACF2}"
EndProject
Project("{FAE04EC0-301F-11D3-BF4B-00C04F79EFBC}") = "VowelsSum", "VowelsSum\VowelsSum.csproj", "{DBCD1660-8836-40C3-B1C8-7BC07C7C9F4A}"
EndProject
Project("{FAE04EC0-301F-11D3-BF4B-00C04F79EFBC}") = "ElementEqualToSumOfOthers", "ElementEqualToSumOfOthers\ElementEqualToSumOfOthers.csproj", "{609B9ED7-91B3-41BC-ABCB-8112883B6176}"
EndProject
Project("{FAE04EC0-301F-11D3-BF4B-00C04F79EFBC}") = "EvenOddPositions", "EvenOddPositions\EvenOddPositions.csproj", "{008D507F-64B9-4724-8812-395772561A55}"
EndProject
Project("{FAE04EC0-301F-11D3-BF4B-00C04F79EFBC}") = "DevideWithoutResidue", "Histogram\DevideWithoutResidue.csproj", "{8BB7023D-4050-4321-A126-6083BDD449C9}"
EndProject
Project("{FAE04EC0-301F-11D3-BF4B-00C04F79EFBC}") = "EqualPairs", "EqualPairs\EqualPairs.csproj", "{BE12E2A2-E906-4C55-B829-8E0789D08422}"
EndProject
Project("{FAE04EC0-301F-11D3-BF4B-00C04F79EFBC}") = "Histogram", "Histogram\Histogram.csproj", "{B77D1BBB-3111-4376-9A58-512AF797E88B}"
EndProject
Global
	GlobalSection(SolutionConfigurationPlatforms) = preSolution
		Debug|Any CPU = Debug|Any CPU
		Release|Any CPU = Release|Any CPU
	EndGlobalSection
	GlobalSection(ProjectConfigurationPlatforms) = postSolution
		{1F7D0C9C-9FC1-4835-9025-3871D0D849CB}.Debug|Any CPU.ActiveCfg = Debug|Any CPU
		{1F7D0C9C-9FC1-4835-9025-3871D0D849CB}.Debug|Any CPU.Build.0 = Debug|Any CPU
		{1F7D0C9C-9FC1-4835-9025-3871D0D849CB}.Release|Any CPU.ActiveCfg = Release|Any CPU
		{1F7D0C9C-9FC1-4835-9025-3871D0D849CB}.Release|Any CPU.Build.0 = Release|Any CPU
		{96E8BB02-6DA6-495E-A5F3-602C78FE9854}.Debug|Any CPU.ActiveCfg = Debug|Any CPU
		{96E8BB02-6DA6-495E-A5F3-602C78FE9854}.Debug|Any CPU.Build.0 = Debug|Any CPU
		{96E8BB02-6DA6-495E-A5F3-602C78FE9854}.Release|Any CPU.ActiveCfg = Release|Any CPU
		{96E8BB02-6DA6-495E-A5F3-602C78FE9854}.Release|Any CPU.Build.0 = Release|Any CPU
		{F2DA2C00-0DC8-4A94-85E8-CD99B03ECAD0}.Debug|Any CPU.ActiveCfg = Debug|Any CPU
		{F2DA2C00-0DC8-4A94-85E8-CD99B03ECAD0}.Debug|Any CPU.Build.0 = Debug|Any CPU
		{F2DA2C00-0DC8-4A94-85E8-CD99B03ECAD0}.Release|Any CPU.ActiveCfg = Release|Any CPU
		{F2DA2C00-0DC8-4A94-85E8-CD99B03ECAD0}.Release|Any CPU.Build.0 = Release|Any CPU
		{A335B02E-054B-4FBC-B877-7BAE1D794617}.Debug|Any CPU.ActiveCfg = Debug|Any CPU
		{A335B02E-054B-4FBC-B877-7BAE1D794617}.Debug|Any CPU.Build.0 = Debug|Any CPU
		{A335B02E-054B-4FBC-B877-7BAE1D794617}.Release|Any CPU.ActiveCfg = Release|Any CPU
		{A335B02E-054B-4FBC-B877-7BAE1D794617}.Release|Any CPU.Build.0 = Release|Any CPU
		{B15B7E70-6707-4217-85E1-BFF1F64B378D}.Debug|Any CPU.ActiveCfg = Debug|Any CPU
		{B15B7E70-6707-4217-85E1-BFF1F64B378D}.Debug|Any CPU.Build.0 = Debug|Any CPU
		{B15B7E70-6707-4217-85E1-BFF1F64B378D}.Release|Any CPU.ActiveCfg = Release|Any CPU
		{B15B7E70-6707-4217-85E1-BFF1F64B378D}.Release|Any CPU.Build.0 = Release|Any CPU
		{9C299708-00B8-46B4-834C-F8CF8312A228}.Debug|Any CPU.ActiveCfg = Debug|Any CPU
		{9C299708-00B8-46B4-834C-F8CF8312A228}.Debug|Any CPU.Build.0 = Debug|Any CPU
		{9C299708-00B8-46B4-834C-F8CF8312A228}.Release|Any CPU.ActiveCfg = Release|Any CPU
		{9C299708-00B8-46B4-834C-F8CF8312A228}.Release|Any CPU.Build.0 = Release|Any CPU
		{BF0957EA-21DE-40E7-902C-CA445AD8651C}.Debug|Any CPU.ActiveCfg = Debug|Any CPU
		{BF0957EA-21DE-40E7-902C-CA445AD8651C}.Debug|Any CPU.Build.0 = Debug|Any CPU
		{BF0957EA-21DE-40E7-902C-CA445AD8651C}.Release|Any CPU.ActiveCfg = Release|Any CPU
		{BF0957EA-21DE-40E7-902C-CA445AD8651C}.Release|Any CPU.Build.0 = Release|Any CPU
		{892ACBDC-743E-4AB8-9753-1D5E9386F521}.Debug|Any CPU.ActiveCfg = Debug|Any CPU
		{892ACBDC-743E-4AB8-9753-1D5E9386F521}.Debug|Any CPU.Build.0 = Debug|Any CPU
		{892ACBDC-743E-4AB8-9753-1D5E9386F521}.Release|Any CPU.ActiveCfg = Release|Any CPU
		{892ACBDC-743E-4AB8-9753-1D5E9386F521}.Release|Any CPU.Build.0 = Release|Any CPU
		{05E493D5-95D1-4454-971C-3DCB6CF2ACF2}.Debug|Any CPU.ActiveCfg = Debug|Any CPU
		{05E493D5-95D1-4454-971C-3DCB6CF2ACF2}.Debug|Any CPU.Build.0 = Debug|Any CPU
		{05E493D5-95D1-4454-971C-3DCB6CF2ACF2}.Release|Any CPU.ActiveCfg = Release|Any CPU
		{05E493D5-95D1-4454-971C-3DCB6CF2ACF2}.Release|Any CPU.Build.0 = Release|Any CPU
		{DBCD1660-8836-40C3-B1C8-7BC07C7C9F4A}.Debug|Any CPU.ActiveCfg = Debug|Any CPU
		{DBCD1660-8836-40C3-B1C8-7BC07C7C9F4A}.Debug|Any CPU.Build.0 = Debug|Any CPU
		{DBCD1660-8836-40C3-B1C8-7BC07C7C9F4A}.Release|Any CPU.ActiveCfg = Release|Any CPU
		{DBCD1660-8836-40C3-B1C8-7BC07C7C9F4A}.Release|Any CPU.Build.0 = Release|Any CPU
		{609B9ED7-91B3-41BC-ABCB-8112883B6176}.Debug|Any CPU.ActiveCfg = Debug|Any CPU
		{609B9ED7-91B3-41BC-ABCB-8112883B6176}.Debug|Any CPU.Build.0 = Debug|Any CPU
		{609B9ED7-91B3-41BC-ABCB-8112883B6176}.Release|Any CPU.ActiveCfg = Release|Any CPU
		{609B9ED7-91B3-41BC-ABCB-8112883B6176}.Release|Any CPU.Build.0 = Release|Any CPU
		{008D507F-64B9-4724-8812-395772561A55}.Debug|Any CPU.ActiveCfg = Debug|Any CPU
		{008D507F-64B9-4724-8812-395772561A55}.Debug|Any CPU.Build.0 = Debug|Any CPU
		{008D507F-64B9-4724-8812-395772561A55}.Release|Any CPU.ActiveCfg = Release|Any CPU
		{008D507F-64B9-4724-8812-395772561A55}.Release|Any CPU.Build.0 = Release|Any CPU
		{8BB7023D-4050-4321-A126-6083BDD449C9}.Debug|Any CPU.ActiveCfg = Debug|Any CPU
		{8BB7023D-4050-4321-A126-6083BDD449C9}.Debug|Any CPU.Build.0 = Debug|Any CPU
		{8BB7023D-4050-4321-A126-6083BDD449C9}.Release|Any CPU.ActiveCfg = Release|Any CPU
		{8BB7023D-4050-4321-A126-6083BDD449C9}.Release|Any CPU.Build.0 = Release|Any CPU
		{BE12E2A2-E906-4C55-B829-8E0789D08422}.Debug|Any CPU.ActiveCfg = Debug|Any CPU
		{BE12E2A2-E906-4C55-B829-8E0789D08422}.Debug|Any CPU.Build.0 = Debug|Any CPU
		{BE12E2A2-E906-4C55-B829-8E0789D08422}.Release|Any CPU.ActiveCfg = Release|Any CPU
		{BE12E2A2-E906-4C55-B829-8E0789D08422}.Release|Any CPU.Build.0 = Release|Any CPU
		{B77D1BBB-3111-4376-9A58-512AF797E88B}.Debug|Any CPU.ActiveCfg = Debug|Any CPU
		{B77D1BBB-3111-4376-9A58-512AF797E88B}.Debug|Any CPU.Build.0 = Debug|Any CPU
		{B77D1BBB-3111-4376-9A58-512AF797E88B}.Release|Any CPU.ActiveCfg = Release|Any CPU
		{B77D1BBB-3111-4376-9A58-512AF797E88B}.Release|Any CPU.Build.0 = Release|Any CPU
	EndGlobalSection
	GlobalSection(SolutionProperties) = preSolution
		HideSolutionNode = FALSE
	EndGlobalSection
EndGlobal
